
Microsoft Visual Studio Solution File, Format Version 12.00
# Visual Studio Version 17
VisualStudioVersion = 17.7.34202.233
MinimumVisualStudioVersion = 10.0.40219.1
Project("{FAE04EC0-301F-11D3-BF4B-00C04F79EFBC}") = "PandorasBox", "PandorasBox\PandorasBox.csproj", "{F7E5B30C-60C6-41C7-83CC-53FE3D1D8E6A}"
EndProject
Project("{FAE04EC0-301F-11D3-BF4B-00C04F79EFBC}") = "PandorasBox.Domain", "PandorasBox.Domain\PandorasBox.Domain.csproj", "{E57B039E-06F1-4E86-8D3D-CFF4E7040AEF}"
EndProject
Project("{FAE04EC0-301F-11D3-BF4B-00C04F79EFBC}") = "PandorasBox.Service", "PandorasBox.Service\PandorasBox.Service.csproj", "{4A1034C8-499C-4214-807E-4C989090331B}"
EndProject
Global
	GlobalSection(SolutionConfigurationPlatforms) = preSolution
		Debug|Any CPU = Debug|Any CPU
		Release|Any CPU = Release|Any CPU
	EndGlobalSection
	GlobalSection(ProjectConfigurationPlatforms) = postSolution
		{F7E5B30C-60C6-41C7-83CC-53FE3D1D8E6A}.Debug|Any CPU.ActiveCfg = Debug|Any CPU
		{F7E5B30C-60C6-41C7-83CC-53FE3D1D8E6A}.Debug|Any CPU.Build.0 = Debug|Any CPU
		{F7E5B30C-60C6-41C7-83CC-53FE3D1D8E6A}.Release|Any CPU.ActiveCfg = Release|Any CPU
		{F7E5B30C-60C6-41C7-83CC-53FE3D1D8E6A}.Release|Any CPU.Build.0 = Release|Any CPU
		{E57B039E-06F1-4E86-8D3D-CFF4E7040AEF}.Debug|Any CPU.ActiveCfg = Debug|Any CPU
		{E57B039E-06F1-4E86-8D3D-CFF4E7040AEF}.Debug|Any CPU.Build.0 = Debug|Any CPU
		{E57B039E-06F1-4E86-8D3D-CFF4E7040AEF}.Release|Any CPU.ActiveCfg = Release|Any CPU
		{E57B039E-06F1-4E86-8D3D-CFF4E7040AEF}.Release|Any CPU.Build.0 = Release|Any CPU
		{4A1034C8-499C-4214-807E-4C989090331B}.Debug|Any CPU.ActiveCfg = Debug|Any CPU
		{4A1034C8-499C-4214-807E-4C989090331B}.Debug|Any CPU.Build.0 = Debug|Any CPU
		{4A1034C8-499C-4214-807E-4C989090331B}.Release|Any CPU.ActiveCfg = Release|Any CPU
		{4A1034C8-499C-4214-807E-4C989090331B}.Release|Any CPU.Build.0 = Release|Any CPU
	EndGlobalSection
	GlobalSection(SolutionProperties) = preSolution
		HideSolutionNode = FALSE
	EndGlobalSection
	GlobalSection(ExtensibilityGlobals) = postSolution
		SolutionGuid = {E8193FD5-5416-4B2C-840A-BF0D7C21B0A3}
	EndGlobalSection
EndGlobal
